{
  "version": 4,
  "terraform_version": "1.5.7",
  "serial": 109,
  "lineage": "2f2514f9-0f79-01b0-313a-45839215e427",
  "outputs": {
    "pubsub_subscription_name": {
      "value": "breadcrumb-data-subscription",
      "type": "string"
    },
    "pubsub_topic_name": {
      "value": "breadcrumb-data-topic",
      "type": "string"
    },
    "subscriber_vm_external_ip": {
      "value": "34.82.107.34",
      "type": "string"
    },
    "vm_external_ip": {
      "value": "34.145.57.15",
      "type": "string"
    }
  },
  "resources": [
    {
      "mode": "managed",
      "type": "google_compute_firewall",
      "name": "allow_ssh",
      "provider": "provider[\"registry.terraform.io/hashicorp/google\"]",
      "instances": [
        {
          "schema_version": 1,
          "attributes": {
            "allow": [
              {
                "ports": [
                  "22"
                ],
                "protocol": "tcp"
              }
            ],
            "creation_timestamp": "2025-04-24T23:03:23.820-07:00",
            "deny": [],
            "description": "",
            "destination_ranges": [],
            "direction": "INGRESS",
            "disabled": false,
            "enable_logging": null,
            "id": "projects/dataeng-456707/global/firewalls/allow-ssh",
            "log_config": [],
            "name": "allow-ssh",
            "network": "https://www.googleapis.com/compute/v1/projects/dataeng-456707/global/networks/busdata-network",
            "priority": 1000,
            "project": "dataeng-456707",
            "self_link": "https://www.googleapis.com/compute/v1/projects/dataeng-456707/global/firewalls/allow-ssh",
            "source_ranges": [
              "0.0.0.0/0"
            ],
            "source_service_accounts": [],
            "source_tags": [],
            "target_service_accounts": [],
            "target_tags": [],
            "timeouts": null
          },
          "sensitive_attributes": [],
          "private": "eyJlMmJmYjczMC1lY2FhLTExZTYtOGY4OC0zNDM2M2JjN2M0YzAiOnsiY3JlYXRlIjoxMjAwMDAwMDAwMDAwLCJkZWxldGUiOjEyMDAwMDAwMDAwMDAsInVwZGF0ZSI6MTIwMDAwMDAwMDAwMH0sInNjaGVtYV92ZXJzaW9uIjoiMSJ9",
          "dependencies": [
            "google_compute_network.vpc_network"
          ]
        }
      ]
    },
    {
      "mode": "managed",
      "type": "google_compute_instance",
      "name": "subscriber_vm",
      "provider": "provider[\"registry.terraform.io/hashicorp/google\"]",
      "instances": [
        {
          "schema_version": 6,
          "attributes": {
            "advanced_machine_features": [],
            "allow_stopping_for_update": null,
            "attached_disk": [],
            "boot_disk": [
              {
                "auto_delete": true,
                "device_name": "persistent-disk-0",
                "disk_encryption_key_raw": "",
                "disk_encryption_key_sha256": "",
                "initialize_params": [
                  {
                    "image": "https://www.googleapis.com/compute/v1/projects/debian-cloud/global/images/debian-11-bullseye-v20250415",
                    "labels": {},
                    "size": 10,
                    "type": "pd-standard"
                  }
                ],
                "kms_key_self_link": "",
                "mode": "READ_WRITE",
                "source": "https://www.googleapis.com/compute/v1/projects/dataeng-456707/zones/us-west1-a/disks/busdata-subscriber-vm"
              }
            ],
            "can_ip_forward": false,
            "confidential_instance_config": [],
            "cpu_platform": "Intel Broadwell",
            "current_status": "RUNNING",
            "deletion_protection": false,
            "description": "",
            "desired_status": null,
            "enable_display": false,
            "guest_accelerator": [],
            "hostname": "",
            "id": "projects/dataeng-456707/zones/us-west1-a/instances/busdata-subscriber-vm",
            "instance_id": "8396337741606329153",
            "label_fingerprint": "42WmSpB8rSM=",
            "labels": {},
            "machine_type": "e2-small",
            "metadata": {},
            "metadata_fingerprint": "Gj3vajMv17o=",
            "metadata_startup_script": "#!/bin/bash\nset -x\napt-get update\napt-get install -y python3-pip git\npip3 install google-cloud-pubsub\n    \n# Set timezone to Pacific\ntimedatectl set-timezone America/Los_Angeles\n    \n# Create directory for the project\nmkdir -p /opt/busdata/output\n    \n# Clone the GitHub repository\ngit clone -b main https://github.com/boblancer/busdata-pipeline /tmp/busdata-repo\n    \n# Copy scripts from the repository to the working directory\ncp /tmp/busdata-repo/data_subscriber.py /opt/busdata/data_subscriber.py\ncp /tmp/busdata-repo/ids.txt /opt/busdata/ids.txt     # Added this line to copy ids.txt\nchmod +x /opt/busdata/data_subscriber.py\nchmod 644 /opt/busdata/ids.txt      \n    \n[Unit]\nDescription=TriMet Bus Data Subscriber Service\nAfter=network.target\n\n[Service]\nType=simple\nUser=root\nWorkingDirectory=/opt/busdata\nExecStart=/usr/bin/python3 /opt/busdata/data_subscriber.py\nRestart=always\nRestartSec=10\n\n[Install]\nWantedBy=multi-user.target\nEND\n\nsystemctl daemon-reload\nsystemctl enable busdata-subscriber.service\nsystemctl start busdata-subscriber.service\n",
            "min_cpu_platform": "",
            "name": "busdata-subscriber-vm",
            "network_interface": [
              {
                "access_config": [
                  {
                    "nat_ip": "34.82.107.34",
                    "network_tier": "PREMIUM",
                    "public_ptr_domain_name": ""
                  }
                ],
                "alias_ip_range": [],
                "ipv6_access_config": [],
                "ipv6_access_type": "",
                "name": "nic0",
                "network": "https://www.googleapis.com/compute/v1/projects/dataeng-456707/global/networks/busdata-network",
                "network_ip": "10.138.0.3",
                "nic_type": "",
                "queue_count": 0,
                "stack_type": "IPV4_ONLY",
                "subnetwork": "https://www.googleapis.com/compute/v1/projects/dataeng-456707/regions/us-west1/subnetworks/busdata-network",
                "subnetwork_project": "dataeng-456707"
              }
            ],
            "project": "dataeng-456707",
            "reservation_affinity": [],
            "resource_policies": [
              "https://www.googleapis.com/compute/v1/projects/dataeng-456707/regions/us-west1/resourcePolicies/vm-start-stop-schedule"
            ],
            "scheduling": [
              {
                "automatic_restart": true,
                "instance_termination_action": "",
                "min_node_cpus": 0,
                "node_affinities": [],
                "on_host_maintenance": "MIGRATE",
                "preemptible": false,
                "provisioning_model": "STANDARD"
              }
            ],
            "scratch_disk": [],
            "self_link": "https://www.googleapis.com/compute/v1/projects/dataeng-456707/zones/us-west1-a/instances/busdata-subscriber-vm",
            "service_account": [
              {
                "email": "865714299282-compute@developer.gserviceaccount.com",
                "scopes": [
                  "https://www.googleapis.com/auth/cloud-platform"
                ]
              }
            ],
            "shielded_instance_config": [
              {
                "enable_integrity_monitoring": true,
                "enable_secure_boot": false,
                "enable_vtpm": true
              }
            ],
            "tags": [],
            "tags_fingerprint": "42WmSpB8rSM=",
            "timeouts": null,
            "zone": "us-west1-a"
          },
          "sensitive_attributes": [],
          "private": "eyJlMmJmYjczMC1lY2FhLTExZTYtOGY4OC0zNDM2M2JjN2M0YzAiOnsiY3JlYXRlIjoxMjAwMDAwMDAwMDAwLCJkZWxldGUiOjEyMDAwMDAwMDAwMDAsInVwZGF0ZSI6MTIwMDAwMDAwMDAwMH0sInNjaGVtYV92ZXJzaW9uIjoiNiJ9",
          "dependencies": [
            "google_compute_network.vpc_network",
            "google_compute_resource_policy.daily_vm_schedule"
          ]
        }
      ]
    },
    {
      "mode": "managed",
      "type": "google_compute_instance",
      "name": "vm_instance",
      "provider": "provider[\"registry.terraform.io/hashicorp/google\"]",
      "instances": [
        {
          "schema_version": 6,
          "attributes": {
            "advanced_machine_features": [],
            "allow_stopping_for_update": null,
            "attached_disk": [],
            "boot_disk": [
              {
                "auto_delete": true,
                "device_name": "persistent-disk-0",
                "disk_encryption_key_raw": "",
                "disk_encryption_key_sha256": "",
                "initialize_params": [
                  {
                    "image": "https://www.googleapis.com/compute/v1/projects/debian-cloud/global/images/debian-11-bullseye-v20250415",
                    "labels": {},
                    "size": 10,
                    "type": "pd-standard"
                  }
                ],
                "kms_key_self_link": "",
                "mode": "READ_WRITE",
                "source": "https://www.googleapis.com/compute/v1/projects/dataeng-456707/zones/us-west1-a/disks/busdata-pipeline-vm"
              }
            ],
            "can_ip_forward": false,
            "confidential_instance_config": [],
            "cpu_platform": "Intel Broadwell",
            "current_status": "RUNNING",
            "deletion_protection": false,
            "description": "",
            "desired_status": null,
            "enable_display": false,
            "guest_accelerator": [],
            "hostname": "",
            "id": "projects/dataeng-456707/zones/us-west1-a/instances/busdata-pipeline-vm",
            "instance_id": "1810397055553016775",
            "label_fingerprint": "42WmSpB8rSM=",
            "labels": null,
            "machine_type": "e2-medium",
            "metadata": null,
            "metadata_fingerprint": "t4qRL3l6tOA=",
            "metadata_startup_script": "#!/bin/bash\nset -x\napt-get update\napt-get install -y python3-pip curl git\npip3 install google-cloud-pubsub\npip3 install requests\n\n# Set timezone to Pacific\ntimedatectl set-timezone America/Los_Angeles\n    \n# Create directory for the project\nmkdir -p /opt/busdata\nmkdir -p /opt/busdata/raw_data\n    \n# Clone the GitHub repository\ngit clone -b main https://github.com/boblancer/busdata-pipeline /tmp/busdata-repo\n    \n# Copy scripts from the repository to the working directory\ncp /tmp/busdata-repo/data_collector.py /opt/busdata/data_collector.py\nchmod +x /opt/busdata/data_collector.py\n\ncp /tmp/busdata-repo/ids.txt /opt/busdata/ids.txt\nchmod 644 /opt/busdata/ids.txt   \n    \n# Run the script once during setup to verify it works\ncd /opt/busdata \u0026\u0026 python3 data_collector.py \u003e /opt/busdata/initial_run.log 2\u003e\u00261\n",
            "min_cpu_platform": "",
            "name": "busdata-pipeline-vm",
            "network_interface": [
              {
                "access_config": [
                  {
                    "nat_ip": "34.145.57.15",
                    "network_tier": "PREMIUM",
                    "public_ptr_domain_name": ""
                  }
                ],
                "alias_ip_range": [],
                "ipv6_access_config": [],
                "ipv6_access_type": "",
                "name": "nic0",
                "network": "https://www.googleapis.com/compute/v1/projects/dataeng-456707/global/networks/busdata-network",
                "network_ip": "10.138.0.6",
                "nic_type": "",
                "queue_count": 0,
                "stack_type": "IPV4_ONLY",
                "subnetwork": "https://www.googleapis.com/compute/v1/projects/dataeng-456707/regions/us-west1/subnetworks/busdata-network",
                "subnetwork_project": "dataeng-456707"
              }
            ],
            "project": "dataeng-456707",
            "reservation_affinity": [],
            "resource_policies": [
              "https://www.googleapis.com/compute/v1/projects/dataeng-456707/regions/us-west1/resourcePolicies/vm-start-stop-schedule"
            ],
            "scheduling": [
              {
                "automatic_restart": true,
                "instance_termination_action": "",
                "min_node_cpus": 0,
                "node_affinities": [],
                "on_host_maintenance": "MIGRATE",
                "preemptible": false,
                "provisioning_model": "STANDARD"
              }
            ],
            "scratch_disk": [],
            "self_link": "https://www.googleapis.com/compute/v1/projects/dataeng-456707/zones/us-west1-a/instances/busdata-pipeline-vm",
            "service_account": [
              {
                "email": "865714299282-compute@developer.gserviceaccount.com",
                "scopes": [
                  "https://www.googleapis.com/auth/cloud-platform"
                ]
              }
            ],
            "shielded_instance_config": [
              {
                "enable_integrity_monitoring": true,
                "enable_secure_boot": false,
                "enable_vtpm": true
              }
            ],
            "tags": null,
            "tags_fingerprint": "42WmSpB8rSM=",
            "timeouts": null,
            "zone": "us-west1-a"
          },
          "sensitive_attributes": [],
          "private": "eyJlMmJmYjczMC1lY2FhLTExZTYtOGY4OC0zNDM2M2JjN2M0YzAiOnsiY3JlYXRlIjoxMjAwMDAwMDAwMDAwLCJkZWxldGUiOjEyMDAwMDAwMDAwMDAsInVwZGF0ZSI6MTIwMDAwMDAwMDAwMH0sInNjaGVtYV92ZXJzaW9uIjoiNiJ9",
          "dependencies": [
            "google_compute_network.vpc_network",
            "google_compute_resource_policy.daily_vm_schedule"
          ]
        }
      ]
    },
    {
      "mode": "managed",
      "type": "google_compute_network",
      "name": "vpc_network",
      "provider": "provider[\"registry.terraform.io/hashicorp/google\"]",
      "instances": [
        {
          "schema_version": 0,
          "attributes": {
            "auto_create_subnetworks": true,
            "delete_default_routes_on_create": false,
            "description": "",
            "enable_ula_internal_ipv6": false,
            "gateway_ipv4": "",
            "id": "projects/dataeng-456707/global/networks/busdata-network",
            "internal_ipv6_range": "",
            "mtu": 0,
            "name": "busdata-network",
            "project": "dataeng-456707",
            "routing_mode": "REGIONAL",
            "self_link": "https://www.googleapis.com/compute/v1/projects/dataeng-456707/global/networks/busdata-network",
            "timeouts": null
          },
          "sensitive_attributes": [],
          "private": "eyJlMmJmYjczMC1lY2FhLTExZTYtOGY4OC0zNDM2M2JjN2M0YzAiOnsiY3JlYXRlIjoxMjAwMDAwMDAwMDAwLCJkZWxldGUiOjEyMDAwMDAwMDAwMDAsInVwZGF0ZSI6MTIwMDAwMDAwMDAwMH19"
        }
      ]
    },
    {
      "mode": "managed",
      "type": "google_compute_resource_policy",
      "name": "daily_vm_schedule",
      "provider": "provider[\"registry.terraform.io/hashicorp/google\"]",
      "instances": [
        {
          "schema_version": 0,
          "attributes": {
            "description": "",
            "group_placement_policy": [],
            "id": "projects/dataeng-456707/regions/us-west1/resourcePolicies/vm-start-stop-schedule",
            "instance_schedule_policy": [
              {
                "expiration_time": "",
                "start_time": "",
                "time_zone": "America/Los_Angeles",
                "vm_start_schedule": [
                  {
                    "schedule": "0 8 * * *"
                  }
                ],
                "vm_stop_schedule": [
                  {
                    "schedule": "30 8 * * *"
                  }
                ]
              }
            ],
            "name": "vm-start-stop-schedule",
            "project": "dataeng-456707",
            "region": "https://www.googleapis.com/compute/v1/projects/dataeng-456707/regions/us-west1",
            "self_link": "https://www.googleapis.com/compute/v1/projects/dataeng-456707/regions/us-west1/resourcePolicies/vm-start-stop-schedule",
            "snapshot_schedule_policy": [],
            "timeouts": null
          },
          "sensitive_attributes": [],
          "private": "eyJlMmJmYjczMC1lY2FhLTExZTYtOGY4OC0zNDM2M2JjN2M0YzAiOnsiY3JlYXRlIjoxMjAwMDAwMDAwMDAwLCJkZWxldGUiOjEyMDAwMDAwMDAwMDB9fQ=="
        }
      ]
    },
    {
      "mode": "managed",
      "type": "google_pubsub_subscription",
      "name": "breadcrumb_subscription",
      "provider": "provider[\"registry.terraform.io/hashicorp/google\"]",
      "instances": [
        {
          "schema_version": 0,
          "attributes": {
            "ack_deadline_seconds": 60,
            "bigquery_config": [],
            "dead_letter_policy": [],
            "enable_exactly_once_delivery": false,
            "enable_message_ordering": false,
            "expiration_policy": [
              {
                "ttl": ""
              }
            ],
            "filter": "",
            "id": "projects/dataeng-456707/subscriptions/breadcrumb-data-subscription",
            "labels": {},
            "message_retention_duration": "604800s",
            "name": "breadcrumb-data-subscription",
            "project": "dataeng-456707",
            "push_config": [],
            "retain_acked_messages": false,
            "retry_policy": [
              {
                "maximum_backoff": "600s",
                "minimum_backoff": "10s"
              }
            ],
            "timeouts": null,
            "topic": "projects/dataeng-456707/topics/breadcrumb-data-topic"
          },
          "sensitive_attributes": [],
          "private": "eyJlMmJmYjczMC1lY2FhLTExZTYtOGY4OC0zNDM2M2JjN2M0YzAiOnsiY3JlYXRlIjoxMjAwMDAwMDAwMDAwLCJkZWxldGUiOjEyMDAwMDAwMDAwMDAsInVwZGF0ZSI6MTIwMDAwMDAwMDAwMH19",
          "dependencies": [
            "google_pubsub_topic.breadcrumb_topic"
          ]
        }
      ]
    },
    {
      "mode": "managed",
      "type": "google_pubsub_topic",
      "name": "breadcrumb_topic",
      "provider": "provider[\"registry.terraform.io/hashicorp/google\"]",
      "instances": [
        {
          "schema_version": 0,
          "attributes": {
            "id": "projects/dataeng-456707/topics/breadcrumb-data-topic",
            "kms_key_name": "",
            "labels": {},
            "message_retention_duration": "",
            "message_storage_policy": [],
            "name": "breadcrumb-data-topic",
            "project": "dataeng-456707",
            "schema_settings": [],
            "timeouts": null
          },
          "sensitive_attributes": [],
          "private": "eyJlMmJmYjczMC1lY2FhLTExZTYtOGY4OC0zNDM2M2JjN2M0YzAiOnsiY3JlYXRlIjoxMjAwMDAwMDAwMDAwLCJkZWxldGUiOjEyMDAwMDAwMDAwMDAsInVwZGF0ZSI6MTIwMDAwMDAwMDAwMH19"
        }
      ]
    }
  ],
  "check_results": null
}
